
Microsoft Visual Studio Solution File, Format Version 12.00
# Visual Studio Version 16
VisualStudioVersion = 16.0.29102.190
MinimumVisualStudioVersion = 10.0.40219.1
Project("{FAE04EC0-301F-11D3-BF4B-00C04F79EFBC}") = "AspMySite", "AspMySite\AspMySite.csproj", "{E49ED7B5-16CD-47C2-BB7E-7CD4FD7C8833}"
EndProject
Global
	GlobalSection(SolutionConfigurationPlatforms) = preSolution
		Debug|Any CPU = Debug|Any CPU
		Release|Any CPU = Release|Any CPU
	EndGlobalSection
	GlobalSection(ProjectConfigurationPlatforms) = postSolution
		{E49ED7B5-16CD-47C2-BB7E-7CD4FD7C8833}.Debug|Any CPU.ActiveCfg = Debug|Any CPU
		{E49ED7B5-16CD-47C2-BB7E-7CD4FD7C8833}.Debug|Any CPU.Build.0 = Debug|Any CPU
		{E49ED7B5-16CD-47C2-BB7E-7CD4FD7C8833}.Release|Any CPU.ActiveCfg = Release|Any CPU
		{E49ED7B5-16CD-47C2-BB7E-7CD4FD7C8833}.Release|Any CPU.Build.0 = Release|Any CPU
	EndGlobalSection
	GlobalSection(SolutionProperties) = preSolution
		HideSolutionNode = FALSE
	EndGlobalSection
	GlobalSection(ExtensibilityGlobals) = postSolution
		SolutionGuid = {671644F8-2C82-4FAF-9688-0BF091E4D46C}
	EndGlobalSection
EndGlobal
